
Microsoft Visual Studio Solution File, Format Version 12.00
# Visual Studio 15
VisualStudioVersion = 15.0.26124.0
MinimumVisualStudioVersion = 15.0.26124.0
Project("{9A19103F-16F7-4668-BE54-9A1E7A4F7556}") = "ConsoleApp", "Console\ConsoleApp.csproj", "{EF931715-F5A3-4766-AF94-14FB52317D76}"
EndProject
Project("{9A19103F-16F7-4668-BE54-9A1E7A4F7556}") = "Muse.Net.Tests", "Harthoorn.MuseClient.Tests\Muse.Net.Tests.csproj", "{E84DE8B6-A7BD-48F9-9C33-B808F96D4372}"
EndProject
Project("{FAE04EC0-301F-11D3-BF4B-00C04F79EFBC}") = "Muse.Net", "Muse.Net\Muse.Net.csproj", "{83FBA32B-1AC2-4F0D-B932-283ACF79DD42}"
EndProject
Global
	GlobalSection(SolutionConfigurationPlatforms) = preSolution
		Debug|Any CPU = Debug|Any CPU
		Debug|x64 = Debug|x64
		Debug|x86 = Debug|x86
		Release|Any CPU = Release|Any CPU
		Release|x64 = Release|x64
		Release|x86 = Release|x86
	EndGlobalSection
	GlobalSection(ProjectConfigurationPlatforms) = postSolution
		{EF931715-F5A3-4766-AF94-14FB52317D76}.Debug|Any CPU.ActiveCfg = Debug|Any CPU
		{EF931715-F5A3-4766-AF94-14FB52317D76}.Debug|Any CPU.Build.0 = Debug|Any CPU
		{EF931715-F5A3-4766-AF94-14FB52317D76}.Debug|x64.ActiveCfg = Debug|Any CPU
		{EF931715-F5A3-4766-AF94-14FB52317D76}.Debug|x64.Build.0 = Debug|Any CPU
		{EF931715-F5A3-4766-AF94-14FB52317D76}.Debug|x86.ActiveCfg = Debug|Any CPU
		{EF931715-F5A3-4766-AF94-14FB52317D76}.Debug|x86.Build.0 = Debug|Any CPU
		{EF931715-F5A3-4766-AF94-14FB52317D76}.Release|Any CPU.ActiveCfg = Release|Any CPU
		{EF931715-F5A3-4766-AF94-14FB52317D76}.Release|Any CPU.Build.0 = Release|Any CPU
		{EF931715-F5A3-4766-AF94-14FB52317D76}.Release|x64.ActiveCfg = Release|Any CPU
		{EF931715-F5A3-4766-AF94-14FB52317D76}.Release|x64.Build.0 = Release|Any CPU
		{EF931715-F5A3-4766-AF94-14FB52317D76}.Release|x86.ActiveCfg = Release|Any CPU
		{EF931715-F5A3-4766-AF94-14FB52317D76}.Release|x86.Build.0 = Release|Any CPU
		{E84DE8B6-A7BD-48F9-9C33-B808F96D4372}.Debug|Any CPU.ActiveCfg = Debug|Any CPU
		{E84DE8B6-A7BD-48F9-9C33-B808F96D4372}.Debug|Any CPU.Build.0 = Debug|Any CPU
		{E84DE8B6-A7BD-48F9-9C33-B808F96D4372}.Debug|x64.ActiveCfg = Debug|Any CPU
		{E84DE8B6-A7BD-48F9-9C33-B808F96D4372}.Debug|x64.Build.0 = Debug|Any CPU
		{E84DE8B6-A7BD-48F9-9C33-B808F96D4372}.Debug|x86.ActiveCfg = Debug|Any CPU
		{E84DE8B6-A7BD-48F9-9C33-B808F96D4372}.Debug|x86.Build.0 = Debug|Any CPU
		{E84DE8B6-A7BD-48F9-9C33-B808F96D4372}.Release|Any CPU.ActiveCfg = Release|Any CPU
		{E84DE8B6-A7BD-48F9-9C33-B808F96D4372}.Release|Any CPU.Build.0 = Release|Any CPU
		{E84DE8B6-A7BD-48F9-9C33-B808F96D4372}.Release|x64.ActiveCfg = Release|Any CPU
		{E84DE8B6-A7BD-48F9-9C33-B808F96D4372}.Release|x64.Build.0 = Release|Any CPU
		{E84DE8B6-A7BD-48F9-9C33-B808F96D4372}.Release|x86.ActiveCfg = Release|Any CPU
		{E84DE8B6-A7BD-48F9-9C33-B808F96D4372}.Release|x86.Build.0 = Release|Any CPU
		{83FBA32B-1AC2-4F0D-B932-283ACF79DD42}.Debug|Any CPU.ActiveCfg = Debug|Any CPU
		{83FBA32B-1AC2-4F0D-B932-283ACF79DD42}.Debug|Any CPU.Build.0 = Debug|Any CPU
		{83FBA32B-1AC2-4F0D-B932-283ACF79DD42}.Debug|x64.ActiveCfg = Debug|Any CPU
		{83FBA32B-1AC2-4F0D-B932-283ACF79DD42}.Debug|x64.Build.0 = Debug|Any CPU
		{83FBA32B-1AC2-4F0D-B932-283ACF79DD42}.Debug|x86.ActiveCfg = Debug|Any CPU
		{83FBA32B-1AC2-4F0D-B932-283ACF79DD42}.Debug|x86.Build.0 = Debug|Any CPU
		{83FBA32B-1AC2-4F0D-B932-283ACF79DD42}.Release|Any CPU.ActiveCfg = Release|Any CPU
		{83FBA32B-1AC2-4F0D-B932-283ACF79DD42}.Release|Any CPU.Build.0 = Release|Any CPU
		{83FBA32B-1AC2-4F0D-B932-283ACF79DD42}.Release|x64.ActiveCfg = Release|Any CPU
		{83FBA32B-1AC2-4F0D-B932-283ACF79DD42}.Release|x64.Build.0 = Release|Any CPU
		{83FBA32B-1AC2-4F0D-B932-283ACF79DD42}.Release|x86.ActiveCfg = Release|Any CPU
		{83FBA32B-1AC2-4F0D-B932-283ACF79DD42}.Release|x86.Build.0 = Release|Any CPU
	EndGlobalSection
	GlobalSection(SolutionProperties) = preSolution
		HideSolutionNode = FALSE
	EndGlobalSection
	GlobalSection(ExtensibilityGlobals) = postSolution
		SolutionGuid = {BA68582A-EE38-455B-B79F-718DE491D174}
	EndGlobalSection
EndGlobal
