
Microsoft Visual Studio Solution File, Format Version 12.00
# Visual Studio 15
VisualStudioVersion = 15.0.26124.0
MinimumVisualStudioVersion = 15.0.26124.0
Project("{9A19103F-16F7-4668-BE54-9A1E7A4F7556}") = "Muse.Net", "Muse.Net\Muse.Net.csproj", "{83FBA32B-1AC2-4F0D-B932-283ACF79DD42}"
EndProject
Project("{9A19103F-16F7-4668-BE54-9A1E7A4F7556}") = "Muse.Net.Tests", "Muse.Net.Tests\Muse.Net.Tests.csproj", "{90A01DB6-614E-429B-A134-A39CD39360F0}"
EndProject
Project("{FAE04EC0-301F-11D3-BF4B-00C04F79EFBC}") = "Muse.LiveFeed", "Muse.LiveFeed\Muse.LiveFeed.csproj", "{FB7F8ECB-C0B0-4CD7-B639-93A12120A3EC}"
EndProject
Project("{9A19103F-16F7-4668-BE54-9A1E7A4F7556}") = "Muse.Console", "Muse.Console\Muse.Console.csproj", "{08B8F60A-54D3-4357-B2D8-124677B38282}"
EndProject
Global
	GlobalSection(SolutionConfigurationPlatforms) = preSolution
		Debug|Any CPU = Debug|Any CPU
		Debug|x64 = Debug|x64
		Debug|x86 = Debug|x86
		Release|Any CPU = Release|Any CPU
		Release|x64 = Release|x64
		Release|x86 = Release|x86
	EndGlobalSection
	GlobalSection(ProjectConfigurationPlatforms) = postSolution
		{83FBA32B-1AC2-4F0D-B932-283ACF79DD42}.Debug|Any CPU.ActiveCfg = Debug|Any CPU
		{83FBA32B-1AC2-4F0D-B932-283ACF79DD42}.Debug|Any CPU.Build.0 = Debug|Any CPU
		{83FBA32B-1AC2-4F0D-B932-283ACF79DD42}.Debug|x64.ActiveCfg = Debug|Any CPU
		{83FBA32B-1AC2-4F0D-B932-283ACF79DD42}.Debug|x64.Build.0 = Debug|Any CPU
		{83FBA32B-1AC2-4F0D-B932-283ACF79DD42}.Debug|x86.ActiveCfg = Debug|Any CPU
		{83FBA32B-1AC2-4F0D-B932-283ACF79DD42}.Debug|x86.Build.0 = Debug|Any CPU
		{83FBA32B-1AC2-4F0D-B932-283ACF79DD42}.Release|Any CPU.ActiveCfg = Release|Any CPU
		{83FBA32B-1AC2-4F0D-B932-283ACF79DD42}.Release|Any CPU.Build.0 = Release|Any CPU
		{83FBA32B-1AC2-4F0D-B932-283ACF79DD42}.Release|x64.ActiveCfg = Release|Any CPU
		{83FBA32B-1AC2-4F0D-B932-283ACF79DD42}.Release|x64.Build.0 = Release|Any CPU
		{83FBA32B-1AC2-4F0D-B932-283ACF79DD42}.Release|x86.ActiveCfg = Release|Any CPU
		{83FBA32B-1AC2-4F0D-B932-283ACF79DD42}.Release|x86.Build.0 = Release|Any CPU
		{90A01DB6-614E-429B-A134-A39CD39360F0}.Debug|Any CPU.ActiveCfg = Debug|Any CPU
		{90A01DB6-614E-429B-A134-A39CD39360F0}.Debug|Any CPU.Build.0 = Debug|Any CPU
		{90A01DB6-614E-429B-A134-A39CD39360F0}.Debug|x64.ActiveCfg = Debug|Any CPU
		{90A01DB6-614E-429B-A134-A39CD39360F0}.Debug|x64.Build.0 = Debug|Any CPU
		{90A01DB6-614E-429B-A134-A39CD39360F0}.Debug|x86.ActiveCfg = Debug|Any CPU
		{90A01DB6-614E-429B-A134-A39CD39360F0}.Debug|x86.Build.0 = Debug|Any CPU
		{90A01DB6-614E-429B-A134-A39CD39360F0}.Release|Any CPU.ActiveCfg = Release|Any CPU
		{90A01DB6-614E-429B-A134-A39CD39360F0}.Release|Any CPU.Build.0 = Release|Any CPU
		{90A01DB6-614E-429B-A134-A39CD39360F0}.Release|x64.ActiveCfg = Release|Any CPU
		{90A01DB6-614E-429B-A134-A39CD39360F0}.Release|x64.Build.0 = Release|Any CPU
		{90A01DB6-614E-429B-A134-A39CD39360F0}.Release|x86.ActiveCfg = Release|Any CPU
		{90A01DB6-614E-429B-A134-A39CD39360F0}.Release|x86.Build.0 = Release|Any CPU
		{FB7F8ECB-C0B0-4CD7-B639-93A12120A3EC}.Debug|Any CPU.ActiveCfg = Debug|Any CPU
		{FB7F8ECB-C0B0-4CD7-B639-93A12120A3EC}.Debug|Any CPU.Build.0 = Debug|Any CPU
		{FB7F8ECB-C0B0-4CD7-B639-93A12120A3EC}.Debug|x64.ActiveCfg = Debug|Any CPU
		{FB7F8ECB-C0B0-4CD7-B639-93A12120A3EC}.Debug|x64.Build.0 = Debug|Any CPU
		{FB7F8ECB-C0B0-4CD7-B639-93A12120A3EC}.Debug|x86.ActiveCfg = Debug|Any CPU
		{FB7F8ECB-C0B0-4CD7-B639-93A12120A3EC}.Debug|x86.Build.0 = Debug|Any CPU
		{FB7F8ECB-C0B0-4CD7-B639-93A12120A3EC}.Release|Any CPU.ActiveCfg = Release|Any CPU
		{FB7F8ECB-C0B0-4CD7-B639-93A12120A3EC}.Release|Any CPU.Build.0 = Release|Any CPU
		{FB7F8ECB-C0B0-4CD7-B639-93A12120A3EC}.Release|x64.ActiveCfg = Release|Any CPU
		{FB7F8ECB-C0B0-4CD7-B639-93A12120A3EC}.Release|x64.Build.0 = Release|Any CPU
		{FB7F8ECB-C0B0-4CD7-B639-93A12120A3EC}.Release|x86.ActiveCfg = Release|Any CPU
		{FB7F8ECB-C0B0-4CD7-B639-93A12120A3EC}.Release|x86.Build.0 = Release|Any CPU
		{08B8F60A-54D3-4357-B2D8-124677B38282}.Debug|Any CPU.ActiveCfg = Debug|Any CPU
		{08B8F60A-54D3-4357-B2D8-124677B38282}.Debug|Any CPU.Build.0 = Debug|Any CPU
		{08B8F60A-54D3-4357-B2D8-124677B38282}.Debug|x64.ActiveCfg = Debug|Any CPU
		{08B8F60A-54D3-4357-B2D8-124677B38282}.Debug|x64.Build.0 = Debug|Any CPU
		{08B8F60A-54D3-4357-B2D8-124677B38282}.Debug|x86.ActiveCfg = Debug|Any CPU
		{08B8F60A-54D3-4357-B2D8-124677B38282}.Debug|x86.Build.0 = Debug|Any CPU
		{08B8F60A-54D3-4357-B2D8-124677B38282}.Release|Any CPU.ActiveCfg = Release|Any CPU
		{08B8F60A-54D3-4357-B2D8-124677B38282}.Release|Any CPU.Build.0 = Release|Any CPU
		{08B8F60A-54D3-4357-B2D8-124677B38282}.Release|x64.ActiveCfg = Release|Any CPU
		{08B8F60A-54D3-4357-B2D8-124677B38282}.Release|x64.Build.0 = Release|Any CPU
		{08B8F60A-54D3-4357-B2D8-124677B38282}.Release|x86.ActiveCfg = Release|Any CPU
		{08B8F60A-54D3-4357-B2D8-124677B38282}.Release|x86.Build.0 = Release|Any CPU
	EndGlobalSection
	GlobalSection(SolutionProperties) = preSolution
		HideSolutionNode = FALSE
	EndGlobalSection
	GlobalSection(ExtensibilityGlobals) = postSolution
		SolutionGuid = {BA68582A-EE38-455B-B79F-718DE491D174}
	EndGlobalSection
EndGlobal
